# This file is automatically @generated by Poetry 1.4.2 and should not be changed by hand.

[[package]]
name = "coldmod-msg-py"
version = "0.1.0"
description = ""
category = "main"
optional = false
python-versions = "^3.11"
files = []
develop = true

[package.dependencies]
flatbuffers = "^23.3.3"

[package.source]
type = "directory"
url = "coldmod-msg/py"

[[package]]
name = "flatbuffers"
version = "23.3.3"
description = "The FlatBuffers serialization format for Python"
category = "main"
optional = false
python-versions = "*"
files = [
    {file = "flatbuffers-23.3.3-py2.py3-none-any.whl", hash = "sha256:5ad36d376240090757e8f0a2cfaf6abcc81c6536c0dc988060375fd0899121f8"},
    {file = "flatbuffers-23.3.3.tar.gz", hash = "sha256:cabd87c4882f37840f6081f094b2c5bc28cefc2a6357732746936d055ab45c3d"},
]

[metadata]
lock-version = "2.0"
python-versions = "^3.11"
content-hash = "81cbb184bd1c3baa3df0c328ac4737d9c8e591d4de2b00170a95b7a55cc57727"
